dependencies:
  espressif/cmake_utilities:
    component_hash: 351350613ceafba240b761b4ea991e0f231ac7a9f59a9ee901f751bddc0bb18f
    dependencies:
    - name: idf
      require: private
      version: '>=4.1'
    source:
      registry_url: https://components.espressif.com
      type: service
    version: 0.5.3
  idf:
    source:
      type: idf
    version: 5.4.0
  panigrah/esp32-idf-hd44780:
    component_hash: f5e8c25c335cd362d1ac9613138cdea7d98a4a6e272a1365b6f1117a27bfbefd
    dependencies:
    - name: idf
      require: private
      version: '>=4.0'
    - name: espressif/cmake_utilities
      registry_url: https://components.espressif.com
      require: private
      version: 0.*
    source:
      registry_url: https://components.espressif.com/
      type: service
    version: 0.0.3
direct_dependencies:
- idf
- panigrah/esp32-idf-hd44780
manifest_hash: 7848f7c8135fee11daf492459a07d6a615de0102a01ab4f168e8fd76102ee1bf
target: esp32c3
version: 2.0.0
